
Microsoft Visual Studio Solution File, Format Version 12.00
# Visual Studio Version 17
VisualStudioVersion = 17.14.36301.6 d17.14
MinimumVisualStudioVersion = 10.0.40219.1
Project("{FAE04EC0-301F-11D3-BF4B-00C04F79EFBC}") = "programacionFPII1.27", "programacionFPII1.27\programacionFPII1.27.csproj", "{AB808ED0-384B-47FA-9B3C-9F929C80317E}"
EndProject
Global
	GlobalSection(SolutionConfigurationPlatforms) = preSolution
		Debug|Any CPU = Debug|Any CPU
		Release|Any CPU = Release|Any CPU
	EndGlobalSection
	GlobalSection(ProjectConfigurationPlatforms) = postSolution
		{AB808ED0-384B-47FA-9B3C-9F929C80317E}.Debug|Any CPU.ActiveCfg = Debug|Any CPU
		{AB808ED0-384B-47FA-9B3C-9F929C80317E}.Debug|Any CPU.Build.0 = Debug|Any CPU
		{AB808ED0-384B-47FA-9B3C-9F929C80317E}.Release|Any CPU.ActiveCfg = Release|Any CPU
		{AB808ED0-384B-47FA-9B3C-9F929C80317E}.Release|Any CPU.Build.0 = Release|Any CPU
	EndGlobalSection
	GlobalSection(SolutionProperties) = preSolution
		HideSolutionNode = FALSE
	EndGlobalSection
	GlobalSection(ExtensibilityGlobals) = postSolution
		SolutionGuid = {BFB546E8-55A3-4147-85B7-BF859628ED75}
	EndGlobalSection
EndGlobal
