
Microsoft Visual Studio Solution File, Format Version 12.00
# Visual Studio Version 17
VisualStudioVersion = 17.14.36301.6 d17.14
MinimumVisualStudioVersion = 10.0.40219.1
Project("{FAE04EC0-301F-11D3-BF4B-00C04F79EFBC}") = "programacionFPII1.42", "programacionFPII1.42\programacionFPII1.42.csproj", "{48D537B9-D5ED-412D-A862-454143580DB5}"
EndProject
Global
	GlobalSection(SolutionConfigurationPlatforms) = preSolution
		Debug|Any CPU = Debug|Any CPU
		Release|Any CPU = Release|Any CPU
	EndGlobalSection
	GlobalSection(ProjectConfigurationPlatforms) = postSolution
		{48D537B9-D5ED-412D-A862-454143580DB5}.Debug|Any CPU.ActiveCfg = Debug|Any CPU
		{48D537B9-D5ED-412D-A862-454143580DB5}.Debug|Any CPU.Build.0 = Debug|Any CPU
		{48D537B9-D5ED-412D-A862-454143580DB5}.Release|Any CPU.ActiveCfg = Release|Any CPU
		{48D537B9-D5ED-412D-A862-454143580DB5}.Release|Any CPU.Build.0 = Release|Any CPU
	EndGlobalSection
	GlobalSection(SolutionProperties) = preSolution
		HideSolutionNode = FALSE
	EndGlobalSection
	GlobalSection(ExtensibilityGlobals) = postSolution
		SolutionGuid = {411DFCE5-389B-4BD4-B35A-FF450094AB76}
	EndGlobalSection
EndGlobal
