
Microsoft Visual Studio Solution File, Format Version 12.00
# Visual Studio Version 17
VisualStudioVersion = 17.14.36109.1 d17.14
MinimumVisualStudioVersion = 10.0.40219.1
Project("{FAE04EC0-301F-11D3-BF4B-00C04F79EFBC}") = "Calculadoradefi", "Calculadoradefi\Calculadoradefi.csproj", "{6B0E622B-2A17-4690-ABFE-241297E90904}"
EndProject
Global
	GlobalSection(SolutionConfigurationPlatforms) = preSolution
		Debug|Any CPU = Debug|Any CPU
		Release|Any CPU = Release|Any CPU
	EndGlobalSection
	GlobalSection(ProjectConfigurationPlatforms) = postSolution
		{6B0E622B-2A17-4690-ABFE-241297E90904}.Debug|Any CPU.ActiveCfg = Debug|Any CPU
		{6B0E622B-2A17-4690-ABFE-241297E90904}.Debug|Any CPU.Build.0 = Debug|Any CPU
		{6B0E622B-2A17-4690-ABFE-241297E90904}.Release|Any CPU.ActiveCfg = Release|Any CPU
		{6B0E622B-2A17-4690-ABFE-241297E90904}.Release|Any CPU.Build.0 = Release|Any CPU
	EndGlobalSection
	GlobalSection(SolutionProperties) = preSolution
		HideSolutionNode = FALSE
	EndGlobalSection
	GlobalSection(ExtensibilityGlobals) = postSolution
		SolutionGuid = {21C5ABAD-BB4C-48EB-8DB1-C3E5C01B4458}
	EndGlobalSection
EndGlobal
