
Microsoft Visual Studio Solution File, Format Version 12.00
# Visual Studio Version 17
VisualStudioVersion = 17.14.36301.6 d17.14
MinimumVisualStudioVersion = 10.0.40219.1
Project("{FAE04EC0-301F-11D3-BF4B-00C04F79EFBC}") = "programacionFPII1.28", "programacionFPII1.28\programacionFPII1.28.csproj", "{17069759-145B-4CC5-938F-FDC1C68B46BE}"
EndProject
Global
	GlobalSection(SolutionConfigurationPlatforms) = preSolution
		Debug|Any CPU = Debug|Any CPU
		Release|Any CPU = Release|Any CPU
	EndGlobalSection
	GlobalSection(ProjectConfigurationPlatforms) = postSolution
		{17069759-145B-4CC5-938F-FDC1C68B46BE}.Debug|Any CPU.ActiveCfg = Debug|Any CPU
		{17069759-145B-4CC5-938F-FDC1C68B46BE}.Debug|Any CPU.Build.0 = Debug|Any CPU
		{17069759-145B-4CC5-938F-FDC1C68B46BE}.Release|Any CPU.ActiveCfg = Release|Any CPU
		{17069759-145B-4CC5-938F-FDC1C68B46BE}.Release|Any CPU.Build.0 = Release|Any CPU
	EndGlobalSection
	GlobalSection(SolutionProperties) = preSolution
		HideSolutionNode = FALSE
	EndGlobalSection
	GlobalSection(ExtensibilityGlobals) = postSolution
		SolutionGuid = {2E5856AC-C398-4CA5-AE90-848A4FF92C40}
	EndGlobalSection
EndGlobal
