
Microsoft Visual Studio Solution File, Format Version 12.00
# Visual Studio Version 17
VisualStudioVersion = 17.14.36301.6 d17.14
MinimumVisualStudioVersion = 10.0.40219.1
Project("{FAE04EC0-301F-11D3-BF4B-00C04F79EFBC}") = "Loteria", "Loteria.csproj", "{4E12D4CA-33FA-4291-842A-4027BD5F3034}"
EndProject
Global
	GlobalSection(SolutionConfigurationPlatforms) = preSolution
		Debug|Any CPU = Debug|Any CPU
		Release|Any CPU = Release|Any CPU
	EndGlobalSection
	GlobalSection(ProjectConfigurationPlatforms) = postSolution
		{4E12D4CA-33FA-4291-842A-4027BD5F3034}.Debug|Any CPU.ActiveCfg = Debug|Any CPU
		{4E12D4CA-33FA-4291-842A-4027BD5F3034}.Debug|Any CPU.Build.0 = Debug|Any CPU
		{4E12D4CA-33FA-4291-842A-4027BD5F3034}.Release|Any CPU.ActiveCfg = Release|Any CPU
		{4E12D4CA-33FA-4291-842A-4027BD5F3034}.Release|Any CPU.Build.0 = Release|Any CPU
	EndGlobalSection
	GlobalSection(SolutionProperties) = preSolution
		HideSolutionNode = FALSE
	EndGlobalSection
	GlobalSection(ExtensibilityGlobals) = postSolution
		SolutionGuid = {A22B681D-2076-4FD5-88E4-00BF078327BC}
	EndGlobalSection
EndGlobal
