
Microsoft Visual Studio Solution File, Format Version 12.00
# Visual Studio Version 17
VisualStudioVersion = 17.14.36301.6 d17.14
MinimumVisualStudioVersion = 10.0.40219.1
Project("{FAE04EC0-301F-11D3-BF4B-00C04F79EFBC}") = "programacionFPII1.49", "programacionFPII1.49\programacionFPII1.49.csproj", "{01644854-418D-4BF7-A283-8DAAA548CD22}"
EndProject
Global
	GlobalSection(SolutionConfigurationPlatforms) = preSolution
		Debug|Any CPU = Debug|Any CPU
		Release|Any CPU = Release|Any CPU
	EndGlobalSection
	GlobalSection(ProjectConfigurationPlatforms) = postSolution
		{01644854-418D-4BF7-A283-8DAAA548CD22}.Debug|Any CPU.ActiveCfg = Debug|Any CPU
		{01644854-418D-4BF7-A283-8DAAA548CD22}.Debug|Any CPU.Build.0 = Debug|Any CPU
		{01644854-418D-4BF7-A283-8DAAA548CD22}.Release|Any CPU.ActiveCfg = Release|Any CPU
		{01644854-418D-4BF7-A283-8DAAA548CD22}.Release|Any CPU.Build.0 = Release|Any CPU
	EndGlobalSection
	GlobalSection(SolutionProperties) = preSolution
		HideSolutionNode = FALSE
	EndGlobalSection
	GlobalSection(ExtensibilityGlobals) = postSolution
		SolutionGuid = {A690D45B-057E-4500-A4EB-1453953C116C}
	EndGlobalSection
EndGlobal
