
Microsoft Visual Studio Solution File, Format Version 12.00
# Visual Studio Version 17
VisualStudioVersion = 17.14.36202.13 d17.14
MinimumVisualStudioVersion = 10.0.40219.1
Project("{FAE04EC0-301F-11D3-BF4B-00C04F79EFBC}") = "Video #8", "Video #8\Video #8.csproj", "{CDADDEBA-DF6A-4448-BA15-BA8EEDCE11D3}"
EndProject
Global
	GlobalSection(SolutionConfigurationPlatforms) = preSolution
		Debug|Any CPU = Debug|Any CPU
		Release|Any CPU = Release|Any CPU
	EndGlobalSection
	GlobalSection(ProjectConfigurationPlatforms) = postSolution
		{CDADDEBA-DF6A-4448-BA15-BA8EEDCE11D3}.Debug|Any CPU.ActiveCfg = Debug|Any CPU
		{CDADDEBA-DF6A-4448-BA15-BA8EEDCE11D3}.Debug|Any CPU.Build.0 = Debug|Any CPU
		{CDADDEBA-DF6A-4448-BA15-BA8EEDCE11D3}.Release|Any CPU.ActiveCfg = Release|Any CPU
		{CDADDEBA-DF6A-4448-BA15-BA8EEDCE11D3}.Release|Any CPU.Build.0 = Release|Any CPU
	EndGlobalSection
	GlobalSection(SolutionProperties) = preSolution
		HideSolutionNode = FALSE
	EndGlobalSection
	GlobalSection(ExtensibilityGlobals) = postSolution
		SolutionGuid = {5098672B-6479-425A-9EFB-9A5FA8128721}
	EndGlobalSection
EndGlobal
