
Microsoft Visual Studio Solution File, Format Version 12.00
# Visual Studio Version 17
VisualStudioVersion = 17.14.36202.13 d17.14
MinimumVisualStudioVersion = 10.0.40219.1
Project("{FAE04EC0-301F-11D3-BF4B-00C04F79EFBC}") = "Video #10", "Video #10\Video #10.csproj", "{58460EA3-9C58-4172-BC5E-BCB20D448690}"
EndProject
Global
	GlobalSection(SolutionConfigurationPlatforms) = preSolution
		Debug|Any CPU = Debug|Any CPU
		Release|Any CPU = Release|Any CPU
	EndGlobalSection
	GlobalSection(ProjectConfigurationPlatforms) = postSolution
		{58460EA3-9C58-4172-BC5E-BCB20D448690}.Debug|Any CPU.ActiveCfg = Debug|Any CPU
		{58460EA3-9C58-4172-BC5E-BCB20D448690}.Debug|Any CPU.Build.0 = Debug|Any CPU
		{58460EA3-9C58-4172-BC5E-BCB20D448690}.Release|Any CPU.ActiveCfg = Release|Any CPU
		{58460EA3-9C58-4172-BC5E-BCB20D448690}.Release|Any CPU.Build.0 = Release|Any CPU
	EndGlobalSection
	GlobalSection(SolutionProperties) = preSolution
		HideSolutionNode = FALSE
	EndGlobalSection
	GlobalSection(ExtensibilityGlobals) = postSolution
		SolutionGuid = {DC5CA174-23ED-43C4-8E25-89271CEED4F3}
	EndGlobalSection
EndGlobal
