
Microsoft Visual Studio Solution File, Format Version 12.00
# Visual Studio Version 17
VisualStudioVersion = 17.14.36301.6 d17.14
MinimumVisualStudioVersion = 10.0.40219.1
Project("{FAE04EC0-301F-11D3-BF4B-00C04F79EFBC}") = "programacionFPII1.39", "programacionFPII1.39\programacionFPII1.39.csproj", "{21386C56-F291-49C7-8833-D055B77672BC}"
EndProject
Global
	GlobalSection(SolutionConfigurationPlatforms) = preSolution
		Debug|Any CPU = Debug|Any CPU
		Release|Any CPU = Release|Any CPU
	EndGlobalSection
	GlobalSection(ProjectConfigurationPlatforms) = postSolution
		{21386C56-F291-49C7-8833-D055B77672BC}.Debug|Any CPU.ActiveCfg = Debug|Any CPU
		{21386C56-F291-49C7-8833-D055B77672BC}.Debug|Any CPU.Build.0 = Debug|Any CPU
		{21386C56-F291-49C7-8833-D055B77672BC}.Release|Any CPU.ActiveCfg = Release|Any CPU
		{21386C56-F291-49C7-8833-D055B77672BC}.Release|Any CPU.Build.0 = Release|Any CPU
	EndGlobalSection
	GlobalSection(SolutionProperties) = preSolution
		HideSolutionNode = FALSE
	EndGlobalSection
	GlobalSection(ExtensibilityGlobals) = postSolution
		SolutionGuid = {1B75127E-ED3B-442A-9A6D-5478CBB7DF79}
	EndGlobalSection
EndGlobal
